
Microsoft Visual Studio Solution File, Format Version 12.00
# Visual Studio Version 17
VisualStudioVersion = 17.4.33122.133
MinimumVisualStudioVersion = 10.0.40219.1
Project("{FAE04EC0-301F-11D3-BF4B-00C04F79EFBC}") = "Day06", "Day06\Day06.csproj", "{21F7172B-2230-4829-81F1-DA9E239B0972}"
EndProject
Global
	GlobalSection(SolutionConfigurationPlatforms) = preSolution
		Debug|Any CPU = Debug|Any CPU
		Release|Any CPU = Release|Any CPU
	EndGlobalSection
	GlobalSection(ProjectConfigurationPlatforms) = postSolution
		{21F7172B-2230-4829-81F1-DA9E239B0972}.Debug|Any CPU.ActiveCfg = Debug|Any CPU
		{21F7172B-2230-4829-81F1-DA9E239B0972}.Debug|Any CPU.Build.0 = Debug|Any CPU
		{21F7172B-2230-4829-81F1-DA9E239B0972}.Release|Any CPU.ActiveCfg = Release|Any CPU
		{21F7172B-2230-4829-81F1-DA9E239B0972}.Release|Any CPU.Build.0 = Release|Any CPU
	EndGlobalSection
	GlobalSection(SolutionProperties) = preSolution
		HideSolutionNode = FALSE
	EndGlobalSection
	GlobalSection(ExtensibilityGlobals) = postSolution
		SolutionGuid = {1A279CF2-B1D9-412D-8185-10685E210B34}
	EndGlobalSection
EndGlobal
