
Microsoft Visual Studio Solution File, Format Version 12.00
# Visual Studio Version 17
VisualStudioVersion = 17.4.33122.133
MinimumVisualStudioVersion = 10.0.40219.1
Project("{FAE04EC0-301F-11D3-BF4B-00C04F79EFBC}") = "Day04", "Day04\Day04.csproj", "{1595485D-7ACA-43B6-BC06-333F722ECEEA}"
EndProject
Global
	GlobalSection(SolutionConfigurationPlatforms) = preSolution
		Debug|Any CPU = Debug|Any CPU
		Release|Any CPU = Release|Any CPU
	EndGlobalSection
	GlobalSection(ProjectConfigurationPlatforms) = postSolution
		{1595485D-7ACA-43B6-BC06-333F722ECEEA}.Debug|Any CPU.ActiveCfg = Debug|Any CPU
		{1595485D-7ACA-43B6-BC06-333F722ECEEA}.Debug|Any CPU.Build.0 = Debug|Any CPU
		{1595485D-7ACA-43B6-BC06-333F722ECEEA}.Release|Any CPU.ActiveCfg = Release|Any CPU
		{1595485D-7ACA-43B6-BC06-333F722ECEEA}.Release|Any CPU.Build.0 = Release|Any CPU
	EndGlobalSection
	GlobalSection(SolutionProperties) = preSolution
		HideSolutionNode = FALSE
	EndGlobalSection
	GlobalSection(ExtensibilityGlobals) = postSolution
		SolutionGuid = {8D7BDD85-FE74-46A5-9F9E-D30F7B6496F5}
	EndGlobalSection
EndGlobal
